
Microsoft Visual Studio Solution File, Format Version 12.00
# Visual Studio Version 17
VisualStudioVersion = 17.14.36310.24
MinimumVisualStudioVersion = 10.0.40219.1
Project("{2150E333-8FDC-42A3-9474-1A3956D46DE8}") = "src", "src", "{02EA681E-C7D8-13C7-8484-4AC65E1B71E8}"
EndProject
Project("{FAE04EC0-301F-11D3-BF4B-00C04F79EFBC}") = "Tokenizer.Core", "src\Tokenizer.Core\Tokenizer.Core.csproj", "{CB1AD3D0-9D05-42BC-B217-BB30D5F7358C}"
EndProject
Project("{FAE04EC0-301F-11D3-BF4B-00C04F79EFBC}") = "Tokenizer.UI", "src\Tokenizer.UI\Tokenizer.UI.csproj", "{3779EB5D-F77F-47A2-A423-353137B17092}"
EndProject
Project("{FAE04EC0-301F-11D3-BF4B-00C04F79EFBC}") = "Tokenizer.Tests", "src\Tokenizer.Tests\Tokenizer.Tests.csproj", "{24605949-D650-4723-BD1F-272423961CF4}"
EndProject
Project("{2150E333-8FDC-42A3-9474-1A3956D46DE8}") = "Solution Items", "Solution Items", "{8EC462FD-D22E-90A8-E5CE-7E832BA40C5D}"
	ProjectSection(SolutionItems) = preProject
		.gitattributes = .gitattributes
		.gitignore = .gitignore
		LICENSE.txt = LICENSE.txt
		README.md = README.md
	EndProjectSection
EndProject
Global
	GlobalSection(SolutionConfigurationPlatforms) = preSolution
		Debug|Any CPU = Debug|Any CPU
		Release|Any CPU = Release|Any CPU
	EndGlobalSection
	GlobalSection(ProjectConfigurationPlatforms) = postSolution
		{CB1AD3D0-9D05-42BC-B217-BB30D5F7358C}.Debug|Any CPU.ActiveCfg = Debug|Any CPU
		{CB1AD3D0-9D05-42BC-B217-BB30D5F7358C}.Debug|Any CPU.Build.0 = Debug|Any CPU
		{CB1AD3D0-9D05-42BC-B217-BB30D5F7358C}.Release|Any CPU.ActiveCfg = Release|Any CPU
		{CB1AD3D0-9D05-42BC-B217-BB30D5F7358C}.Release|Any CPU.Build.0 = Release|Any CPU
		{3779EB5D-F77F-47A2-A423-353137B17092}.Debug|Any CPU.ActiveCfg = Debug|Any CPU
		{3779EB5D-F77F-47A2-A423-353137B17092}.Debug|Any CPU.Build.0 = Debug|Any CPU
		{3779EB5D-F77F-47A2-A423-353137B17092}.Release|Any CPU.ActiveCfg = Release|Any CPU
		{3779EB5D-F77F-47A2-A423-353137B17092}.Release|Any CPU.Build.0 = Release|Any CPU
		{24605949-D650-4723-BD1F-272423961CF4}.Debug|Any CPU.ActiveCfg = Debug|Any CPU
		{24605949-D650-4723-BD1F-272423961CF4}.Debug|Any CPU.Build.0 = Debug|Any CPU
		{24605949-D650-4723-BD1F-272423961CF4}.Release|Any CPU.ActiveCfg = Release|Any CPU
		{24605949-D650-4723-BD1F-272423961CF4}.Release|Any CPU.Build.0 = Release|Any CPU
	EndGlobalSection
	GlobalSection(SolutionProperties) = preSolution
		HideSolutionNode = FALSE
	EndGlobalSection
	GlobalSection(NestedProjects) = preSolution
		{CB1AD3D0-9D05-42BC-B217-BB30D5F7358C} = {02EA681E-C7D8-13C7-8484-4AC65E1B71E8}
		{3779EB5D-F77F-47A2-A423-353137B17092} = {02EA681E-C7D8-13C7-8484-4AC65E1B71E8}
		{24605949-D650-4723-BD1F-272423961CF4} = {02EA681E-C7D8-13C7-8484-4AC65E1B71E8}
	EndGlobalSection
	GlobalSection(ExtensibilityGlobals) = postSolution
		SolutionGuid = {9F8955AA-4796-4983-A2EB-557E29DB3ADE}
	EndGlobalSection
EndGlobal
